
Microsoft Visual Studio Solution File, Format Version 12.00
# Visual Studio Version 17
VisualStudioVersion = 17.8.34330.188
MinimumVisualStudioVersion = 10.0.40219.1
Project("{FAE04EC0-301F-11D3-BF4B-00C04F79EFBC}") = "Clase 6 Entregable", "Clase 6 Entregable\Clase 6 Entregable.csproj", "{FAF3E2D6-4514-4DCD-B4DE-AF24EECAA7DF}"
EndProject
Global
	GlobalSection(SolutionConfigurationPlatforms) = preSolution
		Debug|Any CPU = Debug|Any CPU
		Release|Any CPU = Release|Any CPU
	EndGlobalSection
	GlobalSection(ProjectConfigurationPlatforms) = postSolution
		{FAF3E2D6-4514-4DCD-B4DE-AF24EECAA7DF}.Debug|Any CPU.ActiveCfg = Debug|Any CPU
		{FAF3E2D6-4514-4DCD-B4DE-AF24EECAA7DF}.Debug|Any CPU.Build.0 = Debug|Any CPU
		{FAF3E2D6-4514-4DCD-B4DE-AF24EECAA7DF}.Release|Any CPU.ActiveCfg = Release|Any CPU
		{FAF3E2D6-4514-4DCD-B4DE-AF24EECAA7DF}.Release|Any CPU.Build.0 = Release|Any CPU
	EndGlobalSection
	GlobalSection(SolutionProperties) = preSolution
		HideSolutionNode = FALSE
	EndGlobalSection
	GlobalSection(ExtensibilityGlobals) = postSolution
		SolutionGuid = {F7C17EE4-5BA3-46A1-B153-0857CE0761C2}
	EndGlobalSection
EndGlobal
